
Microsoft Visual Studio Solution File, Format Version 12.00
# Visual Studio 15
VisualStudioVersion = 15.0.26430.16
MinimumVisualStudioVersion = 10.0.40219.1
Project("{FAE04EC0-301F-11D3-BF4B-00C04F79EFBC}") = "SE3AD", "SE3AD\SE3AD.csproj", "{9F2B324E-2526-49F3-8DD9-6F2075B127CB}"
EndProject
Global
	GlobalSection(SolutionConfigurationPlatforms) = preSolution
		Debug|Any CPU = Debug|Any CPU
		Release|Any CPU = Release|Any CPU
	EndGlobalSection
	GlobalSection(ProjectConfigurationPlatforms) = postSolution
		{9F2B324E-2526-49F3-8DD9-6F2075B127CB}.Debug|Any CPU.ActiveCfg = Debug|Any CPU
		{9F2B324E-2526-49F3-8DD9-6F2075B127CB}.Debug|Any CPU.Build.0 = Debug|Any CPU
		{9F2B324E-2526-49F3-8DD9-6F2075B127CB}.Release|Any CPU.ActiveCfg = Release|Any CPU
		{9F2B324E-2526-49F3-8DD9-6F2075B127CB}.Release|Any CPU.Build.0 = Release|Any CPU
	EndGlobalSection
	GlobalSection(SolutionProperties) = preSolution
		HideSolutionNode = FALSE
	EndGlobalSection
EndGlobal
